{
  "name": "assessmentApp",
  "lockfileVersion": 2,
  "requires": true,
  "packages": {
    "": {
      "dependencies": {
        "axios": "^0.24.0",
        "uview-ui": "^2.0.17"
      }
    },
    "node_modules/axios": {
      "version": "0.24.0",
      "resolved": "https://registry.npmjs.org/axios/-/axios-0.24.0.tgz",
      "integrity": "sha512-Q6cWsys88HoPgAaFAVUb0WpPk0O8iTeisR9IMqy9G8AbO4NlpVknrnQS03zzF9PGAWgO3cgletO3VjV/P7VztA==",
      "dependencies": {
        "follow-redirects": "^1.14.4"
      }
    },
    "node_modules/follow-redirects": {
      "version": "1.14.6",
      "resolved": "https://registry.npmjs.org/follow-redirects/-/follow-redirects-1.14.6.tgz",
      "integrity": "sha512-fhUl5EwSJbbl8AR+uYL2KQDxLkdSjZGR36xy46AO7cOMTrCMON6Sa28FmAnC2tRTDbd/Uuzz3aJBv7EBN7JH8A==",
      "funding": [
        {
          "type": "individual",
          "url": "https://github.com/sponsors/RubenVerborgh"
        }
      ],
      "engines": {
        "node": ">=4.0"
      },
      "peerDependenciesMeta": {
        "debug": {
          "optional": true
        }
      }
    },
    "node_modules/uview-ui": {
      "version": "2.0.17",
      "resolved": "https://registry.npmjs.org/uview-ui/-/uview-ui-2.0.17.tgz",
      "integrity": "sha512-2EuLNwkMO25Aj9m5yntrMDolduHG+sk7BrfYiNXjZw75JEdBC4EX+YQGqBhx11bsVyp/eN2EFLR5cLGy7TLcDg==",
      "engines": {
        "HBuilderX": "^3.1.0"
      }
    }
  },
  "dependencies": {
    "axios": {
      "version": "0.24.0",
      "resolved": "https://registry.npmjs.org/axios/-/axios-0.24.0.tgz",
      "integrity": "sha512-Q6cWsys88HoPgAaFAVUb0WpPk0O8iTeisR9IMqy9G8AbO4NlpVknrnQS03zzF9PGAWgO3cgletO3VjV/P7VztA==",
      "requires": {
        "follow-redirects": "^1.14.4"
      }
    },
    "follow-redirects": {
      "version": "1.14.6",
      "resolved": "https://registry.npmjs.org/follow-redirects/-/follow-redirects-1.14.6.tgz",
      "integrity": "sha512-fhUl5EwSJbbl8AR+uYL2KQDxLkdSjZGR36xy46AO7cOMTrCMON6Sa28FmAnC2tRTDbd/Uuzz3aJBv7EBN7JH8A=="
    },
    "uview-ui": {
      "version": "2.0.17",
      "resolved": "https://registry.npmjs.org/uview-ui/-/uview-ui-2.0.17.tgz",
      "integrity": "sha512-2EuLNwkMO25Aj9m5yntrMDolduHG+sk7BrfYiNXjZw75JEdBC4EX+YQGqBhx11bsVyp/eN2EFLR5cLGy7TLcDg=="
    }
  }
}
